
Microsoft Visual Studio Solution File, Format Version 12.00
# Visual Studio Version 17
VisualStudioVersion = 17.7.34221.43
MinimumVisualStudioVersion = 10.0.40219.1
Project("{FAE04EC0-301F-11D3-BF4B-00C04F79EFBC}") = "tamrin7", "tamrin7\tamrin7.csproj", "{8B9F8979-CC4C-415A-ABB8-8FF10DA13E51}"
EndProject
Global
	GlobalSection(SolutionConfigurationPlatforms) = preSolution
		Debug|Any CPU = Debug|Any CPU
		Release|Any CPU = Release|Any CPU
	EndGlobalSection
	GlobalSection(ProjectConfigurationPlatforms) = postSolution
		{8B9F8979-CC4C-415A-ABB8-8FF10DA13E51}.Debug|Any CPU.ActiveCfg = Debug|Any CPU
		{8B9F8979-CC4C-415A-ABB8-8FF10DA13E51}.Debug|Any CPU.Build.0 = Debug|Any CPU
		{8B9F8979-CC4C-415A-ABB8-8FF10DA13E51}.Release|Any CPU.ActiveCfg = Release|Any CPU
		{8B9F8979-CC4C-415A-ABB8-8FF10DA13E51}.Release|Any CPU.Build.0 = Release|Any CPU
	EndGlobalSection
	GlobalSection(SolutionProperties) = preSolution
		HideSolutionNode = FALSE
	EndGlobalSection
	GlobalSection(ExtensibilityGlobals) = postSolution
		SolutionGuid = {ADB82B7D-AD93-4E0D-B6B8-E25D303C7104}
	EndGlobalSection
EndGlobal
